PODS:
  - BLFoundation (0.8.1):
    - BLFoundation/Coder (= 0.8.1)
    - BLFoundation/Custom (= 0.8.1)
    - BLFoundation/Data (= 0.8.1)
    - BLFoundation/Date (= 0.8.1)
    - BLFoundation/Device (= 0.8.1)
    - BLFoundation/NSObject (= 0.8.1)
    - BLFoundation/Stdlib (= 0.8.1)
    - BLFoundation/String (= 0.8.1)
    - BLFoundation/Tools (= 0.8.1)
    - BLFoundation/URL (= 0.8.1)
  - BLFoundation/Coder (0.8.1)
  - BLFoundation/Custom (0.8.1)
  - BLFoundation/Data (0.8.1)
  - BLFoundation/Date (0.8.1)
  - BLFoundation/Device (0.8.1)
  - BLFoundation/NSObject (0.8.1)
  - BLFoundation/Stdlib (0.8.1)
  - BLFoundation/String (0.8.1)
  - BLFoundation/Tools (0.8.1)
  - BLFoundation/URL (0.8.1)

DEPENDENCIES:
  - BLFoundation (from `../`)

EXTERNAL SOURCES:
  BLFoundation:
    :path: "../"

SPEC CHECKSUMS:
  BLFoundation: 397535d3c77879c5dd0bfdfa9fa00fd6148344f4

PODFILE CHECKSUM: 1ec346d374e7039f2f28f82cb45b86055c93823c

COCOAPODS: 1.6.0.beta.2
