PODS:
  - BLFoundation (0.8.5):
    - BLFoundation/Coder (= 0.8.5)
    - BLFoundation/Custom (= 0.8.5)
    - BLFoundation/Data (= 0.8.5)
    - BLFoundation/Date (= 0.8.5)
    - BLFoundation/Device (= 0.8.5)
    - BLFoundation/NSObject (= 0.8.5)
    - BLFoundation/Stdlib (= 0.8.5)
    - BLFoundation/String (= 0.8.5)
    - BLFoundation/URL (= 0.8.5)
  - BLFoundation/Coder (0.8.5)
  - BLFoundation/Custom (0.8.5)
  - BLFoundation/Data (0.8.5)
  - BLFoundation/Date (0.8.5)
  - BLFoundation/Device (0.8.5)
  - BLFoundation/NSObject (0.8.5)
  - BLFoundation/Stdlib (0.8.5)
  - BLFoundation/String (0.8.5)
  - BLFoundation/URL (0.8.5)

DEPENDENCIES:
  - BLFoundation (from `../`)

EXTERNAL SOURCES:
  BLFoundation:
    :path: "../"

SPEC CHECKSUMS:
  BLFoundation: 7845dfa0e49f441b3894a6c391539036cb5a232d

PODFILE CHECKSUM: 15e10e1d163da9780c69ba035f2072a4ad1349bb

COCOAPODS: 1.6.0.beta.2
