PODS:
  - BLFoundation (0.8.0):
    - BLFoundation/Coder (= 0.8.0)
    - BLFoundation/Custom (= 0.8.0)
    - BLFoundation/Data (= 0.8.0)
    - BLFoundation/Date (= 0.8.0)
    - BLFoundation/Device (= 0.8.0)
    - BLFoundation/NSObject (= 0.8.0)
    - BLFoundation/Stdlib (= 0.8.0)
    - BLFoundation/String (= 0.8.0)
    - BLFoundation/Thread (= 0.8.0)
    - BLFoundation/Tools (= 0.8.0)
    - BLFoundation/URL (= 0.8.0)
  - BLFoundation/Coder (0.8.0)
  - BLFoundation/Custom (0.8.0)
  - BLFoundation/Data (0.8.0)
  - BLFoundation/Date (0.8.0)
  - BLFoundation/Device (0.8.0)
  - BLFoundation/NSObject (0.8.0)
  - BLFoundation/Stdlib (0.8.0)
  - BLFoundation/String (0.8.0)
  - BLFoundation/Thread (0.8.0)
  - BLFoundation/Tools (0.8.0)
  - BLFoundation/URL (0.8.0)

DEPENDENCIES:
  - BLFoundation (from `../`)

EXTERNAL SOURCES:
  BLFoundation:
    :path: "../"

SPEC CHECKSUMS:
  BLFoundation: 568da410efb53eaa56cee7ff8e6e3f9318f35bc6

PODFILE CHECKSUM: 1ec346d374e7039f2f28f82cb45b86055c93823c

COCOAPODS: 1.6.0.beta.2
